<?xml version="1.0" encoding="utf-8"?>
<Project ToolsVersion="4.0" xmlns="http://schemas.microsoft.com/developer/msbuild/2003">
  <ItemGroup>
    <Filter Include="Source Files">
      <UniqueIdentifier>{4FC737F1-C7A5-4376-A066-2A32D752A2FF}</UniqueIdentifier>
      <Extensions>cpp;c;cc;cxx;c++;cppm;ixx;def;odl;idl;hpj;bat;asm;asmx</Extensions>
    </Filter>
    <Filter Include="Header Files">
      <UniqueIdentifier>{93995380-89BD-4b04-88EB-625FBE52EBFB}</UniqueIdentifier>
      <Extensions>h;hh;hpp;hxx;h++;hm;inl;inc;ipp;xsd</Extensions>
    </Filter>
    <Filter Include="Resource Files">
      <UniqueIdentifier>{67DA6AB6-F800-4c08-8B7A-83BB121AAD01}</UniqueIdentifier>
      <Extensions>rc;ico;cur;bmp;dlg;rc2;rct;bin;rgs;gif;jpg;jpeg;jpe;resx;tiff;tif;png;wav;mfcribbon-ms</Extensions>
    </Filter>
    <Filter Include="Shaders">
      <UniqueIdentifier>{898ac114-b0ee-4411-ba7c-6dba59f42f64}</UniqueIdentifier>
    </Filter>
    <Filter Include="Temporary">
      <UniqueIdentifier>{3b9a8441-a232-4cc8-9ae7-d55cb2535c28}</UniqueIdentifier>
    </Filter>
  </ItemGroup>
  <ItemGroup>
    <ClInclude Include="src\GraphicsEngine.pch.h">
      <Filter>Header Files</Filter>
    </ClInclude>
    <ClInclude Include="src\FGE\Core\DX11.h">
      <Filter>Header Files</Filter>
    </ClInclude>
    <ClInclude Include="src\FGE\Core\DXErrorHandling\dxerr.h">
      <Filter>Header Files</Filter>
    </ClInclude>
    <ClInclude Include="src\FGE\Core\DXErrorHandling\DxgiInfoManager.h">
      <Filter>Header Files</Filter>
    </ClInclude>
    <ClInclude Include="src\FabException.h">
      <Filter>Header Files</Filter>
    </ClInclude>
    <ClInclude Include="src\FabWin.h">
      <Filter>Header Files</Filter>
    </ClInclude>
    <ClInclude Include="src\FGE\Core\Window.h">
      <Filter>Header Files</Filter>
    </ClInclude>
    <ClInclude Include="src\FGE\EntryPoint.h">
      <Filter>Header Files</Filter>
    </ClInclude>
    <ClInclude Include="src\FGE\Core\Application.h">
      <Filter>Header Files</Filter>
    </ClInclude>
    <ClInclude Include="src\FGE\Core\Game.h">
      <Filter>Header Files</Filter>
    </ClInclude>
    <ClInclude Include="src\FGE\Rendering\Camera\Camera.h">
      <Filter>Header Files</Filter>
    </ClInclude>
    <ClInclude Include="src\FGE\Asset\Mesh.h">
      <Filter>Header Files</Filter>
    </ClInclude>
    <ClInclude Include="src\FGE\Asset\ResourceCache.h">
      <Filter>Header Files</Filter>
    </ClInclude>
    <ClInclude Include="src\FGE\Rendering\Buffers\Vertex.h">
      <Filter>Header Files</Filter>
    </ClInclude>
    <ClInclude Include="src\FGE\Rendering\Renderer.h">
      <Filter>Header Files</Filter>
    </ClInclude>
    <ClInclude Include="src\FGE\Rendering\Buffers\VertexArray.h">
      <Filter>Header Files</Filter>
    </ClInclude>
    <ClInclude Include="src\FGE\Rendering\Buffers\VertexBuffer.h">
      <Filter>Header Files</Filter>
    </ClInclude>
    <ClInclude Include="src\FGE\Rendering\Buffers\ConstantBuffer.h">
      <Filter>Header Files</Filter>
    </ClInclude>
    <ClInclude Include="src\FGE\Asset\SubMesh.h">
      <Filter>Header Files</Filter>
    </ClInclude>
    <ClInclude Include="src\FGE\Asset\FBXImporter.h">
      <Filter>Header Files</Filter>
    </ClInclude>
    <ClInclude Include="src\FGE\Asset\Material.h">
      <Filter>Header Files</Filter>
    </ClInclude>
    <ClInclude Include="src\FGE\Asset\Asset.h">
      <Filter>Header Files</Filter>
    </ClInclude>
    <ClInclude Include="src\FGE\Asset\AnimatedMesh.h">
      <Filter>Header Files</Filter>
    </ClInclude>
    <ClInclude Include="src\FGE\Asset\Animation.h">
      <Filter>Header Files</Filter>
    </ClInclude>
    <ClInclude Include="src\FGE\Event\Event.h">
      <Filter>Header Files</Filter>
    </ClInclude>
    <ClInclude Include="src\FGE\Event\ApplicationEvents.h">
      <Filter>Header Files</Filter>
    </ClInclude>
    <ClInclude Include="src\FGE\ImGui\ImGuiLayer.h">
      <Filter>Header Files</Filter>
    </ClInclude>
    <ClInclude Include="src\DirectXTK\SimpleMath.h">
      <Filter>Header Files</Filter>
    </ClInclude>
  </ItemGroup>
  <ItemGroup>
    <ClCompile Include="src\GraphicsEngine.pch.cpp">
      <Filter>Source Files</Filter>
    </ClCompile>
    <ClCompile Include="src\FGE\Core\DX11.cpp">
      <Filter>Source Files</Filter>
    </ClCompile>
    <ClCompile Include="src\FGE\Core\DXErrorHandling\dxerr.cpp">
      <Filter>Source Files</Filter>
    </ClCompile>
    <ClCompile Include="src\FGE\Core\DXErrorHandling\DxgiInfoManager.cpp">
      <Filter>Source Files</Filter>
    </ClCompile>
    <ClCompile Include="src\FabException.cpp">
      <Filter>Source Files</Filter>
    </ClCompile>
    <ClCompile Include="src\FGE\Core\Window.cpp">
      <Filter>Source Files</Filter>
    </ClCompile>
    <ClCompile Include="src\FGE\Core\Application.cpp">
      <Filter>Source Files</Filter>
    </ClCompile>
    <ClCompile Include="src\FGE\Rendering\Camera\Camera.cpp">
      <Filter>Source Files</Filter>
    </ClCompile>
    <ClCompile Include="src\FGE\Asset\Mesh.cpp">
      <Filter>Source Files</Filter>
    </ClCompile>
    <ClCompile Include="src\FGE\Asset\ResourceCache.cpp">
      <Filter>Source Files</Filter>
    </ClCompile>
    <ClCompile Include="src\FGE\Rendering\Buffers\VertexArray.cpp">
      <Filter>Source Files</Filter>
    </ClCompile>
    <ClCompile Include="src\FGE\Rendering\Buffers\VertexBuffer.cpp">
      <Filter>Source Files</Filter>
    </ClCompile>
    <ClCompile Include="src\FGE\Rendering\Renderer.cpp">
      <Filter>Source Files</Filter>
    </ClCompile>
    <ClCompile Include="src\FGE\Asset\FBXImporter.cpp">
      <Filter>Source Files</Filter>
    </ClCompile>
    <ClCompile Include="src\FGE\Asset\SubMesh.cpp">
      <Filter>Source Files</Filter>
    </ClCompile>
    <ClCompile Include="src\FGE\Asset\Material.cpp">
      <Filter>Source Files</Filter>
    </ClCompile>
    <ClCompile Include="src\FGE\Asset\AnimatedMesh.cpp">
      <Filter>Source Files</Filter>
    </ClCompile>
    <ClCompile Include="src\FGE\Asset\Animation.cpp">
      <Filter>Source Files</Filter>
    </ClCompile>
    <ClCompile Include="src\FGE\ImGui\ImGuiBuild.cpp">
      <Filter>Source Files</Filter>
    </ClCompile>
    <ClCompile Include="src\FGE\ImGui\ImGuiLayer.cpp">
      <Filter>Source Files</Filter>
    </ClCompile>
    <ClCompile Include="src\DirectXTK\SimpleMath.cpp">
      <Filter>Source Files</Filter>
    </ClCompile>
  </ItemGroup>
  <ItemGroup>
    <None Include="src\FGE\Core\DXErrorHandling\DXGetErrorDescription.inl">
      <Filter>Header Files</Filter>
    </None>
    <None Include="src\FGE\Core\DXErrorHandling\DXGetErrorString.inl">
      <Filter>Header Files</Filter>
    </None>
    <None Include="src\FGE\Core\DXErrorHandling\DXTrace.inl">
      <Filter>Header Files</Filter>
    </None>
    <None Include="cpp.hint" />
    <None Include="src\FGE\Shaders\ShaderStructs.hlsli" />
    <None Include="src\DirectXTK\SimpleMath.inl">
      <Filter>Header Files</Filter>
    </None>
  </ItemGroup>
  <ItemGroup>
    <FxCompile Include="src\FGE\Shaders\DefaultPS.hlsl" />
    <FxCompile Include="src\FGE\Shaders\DefaultVS.hlsl" />
  </ItemGroup>
</Project>